
Microsoft Visual Studio Solution File, Format Version 12.00
# Visual Studio Version 17
VisualStudioVersion = 17.0.31919.166
MinimumVisualStudioVersion = 10.0.40219.1
Project("{FAE04EC0-301F-11D3-BF4B-00C04F79EFBC}") = "SDB_2021", "SDB_2021.csproj", "{0A8EF37A-81E8-4D65-9675-71E4BE3AB5C2}"
EndProject
Global
	GlobalSection(SolutionConfigurationPlatforms) = preSolution
		Debug|Any CPU = Debug|Any CPU
		Release|Any CPU = Release|Any CPU
	EndGlobalSection
	GlobalSection(ProjectConfigurationPlatforms) = postSolution
		{0A8EF37A-81E8-4D65-9675-71E4BE3AB5C2}.Debug|Any CPU.ActiveCfg = Debug|Any CPU
		{0A8EF37A-81E8-4D65-9675-71E4BE3AB5C2}.Debug|Any CPU.Build.0 = Debug|Any CPU
		{0A8EF37A-81E8-4D65-9675-71E4BE3AB5C2}.Release|Any CPU.ActiveCfg = Release|Any CPU
		{0A8EF37A-81E8-4D65-9675-71E4BE3AB5C2}.Release|Any CPU.Build.0 = Release|Any CPU
	EndGlobalSection
	GlobalSection(SolutionProperties) = preSolution
		HideSolutionNode = FALSE
	EndGlobalSection
	GlobalSection(ExtensibilityGlobals) = postSolution
		SolutionGuid = {6D7C045F-EAE1-442A-ADA9-51859E4C0DD0}
	EndGlobalSection
EndGlobal
